
Microsoft Visual Studio Solution File, Format Version 12.00
# Visual Studio 14
VisualStudioVersion = 14.0.25420.1
MinimumVisualStudioVersion = 10.0.40219.1
Project("{E24C65DC-7377-472B-9ABA-BC803B73C61A}") = "CalculateTriangleArea", "..\..\WebSites\CalculateTriangleArea\", "{96690AB3-2313-4365-9F5B-74272C7AB390}"
	ProjectSection(WebsiteProperties) = preProject
		TargetFrameworkMoniker = ".NETFramework,Version%3Dv4.5.2"
		Debug.AspNetCompiler.VirtualPath = "/localhost_54397"
		Debug.AspNetCompiler.PhysicalPath = "..\..\WebSites\CalculateTriangleArea\"
		Debug.AspNetCompiler.TargetPath = "PrecompiledWeb\localhost_54397\"
		Debug.AspNetCompiler.Updateable = "true"
		Debug.AspNetCompiler.ForceOverwrite = "true"
		Debug.AspNetCompiler.FixedNames = "false"
		Debug.AspNetCompiler.Debug = "True"
		Release.AspNetCompiler.VirtualPath = "/localhost_54397"
		Release.AspNetCompiler.PhysicalPath = "..\..\WebSites\CalculateTriangleArea\"
		Release.AspNetCompiler.TargetPath = "PrecompiledWeb\localhost_54397\"
		Release.AspNetCompiler.Updateable = "true"
		Release.AspNetCompiler.ForceOverwrite = "true"
		Release.AspNetCompiler.FixedNames = "false"
		Release.AspNetCompiler.Debug = "False"
		VWDPort = "54397"
		SlnRelativePath = "..\..\WebSites\CalculateTriangleArea\"
		DefaultWebSiteLanguage = "Visual C#"
	EndProjectSection
EndProject
Global
	GlobalSection(SolutionConfigurationPlatforms) = preSolution
		Debug|Any CPU = Debug|Any CPU
	EndGlobalSection
	GlobalSection(ProjectConfigurationPlatforms) = postSolution
		{96690AB3-2313-4365-9F5B-74272C7AB390}.Debug|Any CPU.ActiveCfg = Debug|Any CPU
		{96690AB3-2313-4365-9F5B-74272C7AB390}.Debug|Any CPU.Build.0 = Debug|Any CPU
	EndGlobalSection
	GlobalSection(SolutionProperties) = preSolution
		HideSolutionNode = FALSE
	EndGlobalSection
EndGlobal
